
Microsoft Visual Studio Solution File, Format Version 12.00
# Visual Studio 15
VisualStudioVersion = 15.0.36617.4
MinimumVisualStudioVersion = 10.0.40219.1
Project("{F184B08F-C81C-45F6-A57F-5ABD9991F28F}") = "WindowsApp1", "WindowsApp1\WindowsApp1.vbproj", "{3D70FDF9-4B95-4EBE-B088-D7F05FC94348}"
EndProject
Global
	GlobalSection(SolutionConfigurationPlatforms) = preSolution
		Debug|Any CPU = Debug|Any CPU
		Release|Any CPU = Release|Any CPU
	EndGlobalSection
	GlobalSection(ProjectConfigurationPlatforms) = postSolution
		{3D70FDF9-4B95-4EBE-B088-D7F05FC94348}.Debug|Any CPU.ActiveCfg = Debug|Any CPU
		{3D70FDF9-4B95-4EBE-B088-D7F05FC94348}.Debug|Any CPU.Build.0 = Debug|Any CPU
		{3D70FDF9-4B95-4EBE-B088-D7F05FC94348}.Release|Any CPU.ActiveCfg = Release|Any CPU
		{3D70FDF9-4B95-4EBE-B088-D7F05FC94348}.Release|Any CPU.Build.0 = Release|Any CPU
	EndGlobalSection
	GlobalSection(SolutionProperties) = preSolution
		HideSolutionNode = FALSE
	EndGlobalSection
	GlobalSection(ExtensibilityGlobals) = postSolution
		SolutionGuid = {5779FD34-F528-4998-B9D4-6D2241D1B29D}
	EndGlobalSection
EndGlobal
